
Microsoft Visual Studio Solution File, Format Version 12.00
# Visual Studio 15
VisualStudioVersion = 15.0.26430.12
MinimumVisualStudioVersion = 10.0.40219.1
Project("{FAE04EC0-301F-11D3-BF4B-00C04F79EFBC}") = "MyMoney.Android", "MyMoney\MyMoney.Android\MyMoney.Android.csproj", "{A094CE16-5211-4D39-B1C6-7F20B71B2F6E}"
EndProject
Project("{FAE04EC0-301F-11D3-BF4B-00C04F79EFBC}") = "MyMoney", "MyMoney\MyMoney\MyMoney.csproj", "{50A2F946-C7F1-4273-BA10-19D1C94FF4AA}"
EndProject
Project("{FAE04EC0-301F-11D3-BF4B-00C04F79EFBC}") = "MyMoney.UWP", "MyMoney\MyMoney.UWP\MyMoney.UWP.csproj", "{4FE4AD5D-AF06-466B-B9B0-6E03DA850E25}"
EndProject
Project("{FAE04EC0-301F-11D3-BF4B-00C04F79EFBC}") = "MyMoney.iOS", "MyMoney\MyMoney.iOS\MyMoney.iOS.csproj", "{69885797-8BF6-4A0D-8FBB-57E1D8B20158}"
EndProject
Global
	GlobalSection(SolutionConfigurationPlatforms) = preSolution
		Ad-Hoc|Any CPU = Ad-Hoc|Any CPU
		Ad-Hoc|ARM = Ad-Hoc|ARM
		Ad-Hoc|iPhone = Ad-Hoc|iPhone
		Ad-Hoc|iPhoneSimulator = Ad-Hoc|iPhoneSimulator
		Ad-Hoc|x64 = Ad-Hoc|x64
		Ad-Hoc|x86 = Ad-Hoc|x86
		AppStore|Any CPU = AppStore|Any CPU
		AppStore|ARM = AppStore|ARM
		AppStore|iPhone = AppStore|iPhone
		AppStore|iPhoneSimulator = AppStore|iPhoneSimulator
		AppStore|x64 = AppStore|x64
		AppStore|x86 = AppStore|x86
		Debug|Any CPU = Debug|Any CPU
		Debug|ARM = Debug|ARM
		Debug|iPhone = Debug|iPhone
		Debug|iPhoneSimulator = Debug|iPhoneSimulator
		Debug|x64 = Debug|x64
		Debug|x86 = Debug|x86
		Release|Any CPU = Release|Any CPU
		Release|ARM = Release|ARM
		Release|iPhone = Release|iPhone
		Release|iPhoneSimulator = Release|iPhoneSimulator
		Release|x64 = Release|x64
		Release|x86 = Release|x86
	EndGlobalSection
	GlobalSection(ProjectConfigurationPlatforms) = postSolution
		{A094CE16-5211-4D39-B1C6-7F20B71B2F6E}.Ad-Hoc|Any CPU.ActiveCfg = Release|Any CPU
		{A094CE16-5211-4D39-B1C6-7F20B71B2F6E}.Ad-Hoc|Any CPU.Build.0 = Release|Any CPU
		{A094CE16-5211-4D39-B1C6-7F20B71B2F6E}.Ad-Hoc|Any CPU.Deploy.0 = Release|Any CPU
		{A094CE16-5211-4D39-B1C6-7F20B71B2F6E}.Ad-Hoc|ARM.ActiveCfg = Release|Any CPU
		{A094CE16-5211-4D39-B1C6-7F20B71B2F6E}.Ad-Hoc|ARM.Build.0 = Release|Any CPU
		{A094CE16-5211-4D39-B1C6-7F20B71B2F6E}.Ad-Hoc|ARM.Deploy.0 = Release|Any CPU
		{A094CE16-5211-4D39-B1C6-7F20B71B2F6E}.Ad-Hoc|iPhone.ActiveCfg = Release|Any CPU
		{A094CE16-5211-4D39-B1C6-7F20B71B2F6E}.Ad-Hoc|iPhone.Build.0 = Release|Any CPU
		{A094CE16-5211-4D39-B1C6-7F20B71B2F6E}.Ad-Hoc|iPhone.Deploy.0 = Release|Any CPU
		{A094CE16-5211-4D39-B1C6-7F20B71B2F6E}.Ad-Hoc|iPhoneSimulator.ActiveCfg = Release|Any CPU
		{A094CE16-5211-4D39-B1C6-7F20B71B2F6E}.Ad-Hoc|iPhoneSimulator.Build.0 = Release|Any CPU
		{A094CE16-5211-4D39-B1C6-7F20B71B2F6E}.Ad-Hoc|iPhoneSimulator.Deploy.0 = Release|Any CPU
		{A094CE16-5211-4D39-B1C6-7F20B71B2F6E}.Ad-Hoc|x64.ActiveCfg = Release|Any CPU
		{A094CE16-5211-4D39-B1C6-7F20B71B2F6E}.Ad-Hoc|x64.Build.0 = Release|Any CPU
		{A094CE16-5211-4D39-B1C6-7F20B71B2F6E}.Ad-Hoc|x64.Deploy.0 = Release|Any CPU
		{A094CE16-5211-4D39-B1C6-7F20B71B2F6E}.Ad-Hoc|x86.ActiveCfg = Release|Any CPU
		{A094CE16-5211-4D39-B1C6-7F20B71B2F6E}.Ad-Hoc|x86.Build.0 = Release|Any CPU
		{A094CE16-5211-4D39-B1C6-7F20B71B2F6E}.Ad-Hoc|x86.Deploy.0 = Release|Any CPU
		{A094CE16-5211-4D39-B1C6-7F20B71B2F6E}.AppStore|Any CPU.ActiveCfg = Release|Any CPU
		{A094CE16-5211-4D39-B1C6-7F20B71B2F6E}.AppStore|Any CPU.Build.0 = Release|Any CPU
		{A094CE16-5211-4D39-B1C6-7F20B71B2F6E}.AppStore|Any CPU.Deploy.0 = Release|Any CPU
		{A094CE16-5211-4D39-B1C6-7F20B71B2F6E}.AppStore|ARM.ActiveCfg = Release|Any CPU
		{A094CE16-5211-4D39-B1C6-7F20B71B2F6E}.AppStore|ARM.Build.0 = Release|Any CPU
		{A094CE16-5211-4D39-B1C6-7F20B71B2F6E}.AppStore|ARM.Deploy.0 = Release|Any CPU
		{A094CE16-5211-4D39-B1C6-7F20B71B2F6E}.AppStore|iPhone.ActiveCfg = Release|Any CPU
		{A094CE16-5211-4D39-B1C6-7F20B71B2F6E}.AppStore|iPhone.Build.0 = Release|Any CPU
		{A094CE16-5211-4D39-B1C6-7F20B71B2F6E}.AppStore|iPhone.Deploy.0 = Release|Any CPU
		{A094CE16-5211-4D39-B1C6-7F20B71B2F6E}.AppStore|iPhoneSimulator.ActiveCfg = Release|Any CPU
		{A094CE16-5211-4D39-B1C6-7F20B71B2F6E}.AppStore|iPhoneSimulator.Build.0 = Release|Any CPU
		{A094CE16-5211-4D39-B1C6-7F20B71B2F6E}.AppStore|iPhoneSimulator.Deploy.0 = Release|Any CPU
		{A094CE16-5211-4D39-B1C6-7F20B71B2F6E}.AppStore|x64.ActiveCfg = Release|Any CPU
		{A094CE16-5211-4D39-B1C6-7F20B71B2F6E}.AppStore|x64.Build.0 = Release|Any CPU
		{A094CE16-5211-4D39-B1C6-7F20B71B2F6E}.AppStore|x64.Deploy.0 = Release|Any CPU
		{A094CE16-5211-4D39-B1C6-7F20B71B2F6E}.AppStore|x86.ActiveCfg = Release|Any CPU
		{A094CE16-5211-4D39-B1C6-7F20B71B2F6E}.AppStore|x86.Build.0 = Release|Any CPU
		{A094CE16-5211-4D39-B1C6-7F20B71B2F6E}.AppStore|x86.Deploy.0 = Release|Any CPU
		{A094CE16-5211-4D39-B1C6-7F20B71B2F6E}.Debug|Any CPU.ActiveCfg = Debug|Any CPU
		{A094CE16-5211-4D39-B1C6-7F20B71B2F6E}.Debug|Any CPU.Build.0 = Debug|Any CPU
		{A094CE16-5211-4D39-B1C6-7F20B71B2F6E}.Debug|Any CPU.Deploy.0 = Debug|Any CPU
		{A094CE16-5211-4D39-B1C6-7F20B71B2F6E}.Debug|ARM.ActiveCfg = Debug|Any CPU
		{A094CE16-5211-4D39-B1C6-7F20B71B2F6E}.Debug|ARM.Build.0 = Debug|Any CPU
		{A094CE16-5211-4D39-B1C6-7F20B71B2F6E}.Debug|ARM.Deploy.0 = Debug|Any CPU
		{A094CE16-5211-4D39-B1C6-7F20B71B2F6E}.Debug|iPhone.ActiveCfg = Debug|Any CPU
		{A094CE16-5211-4D39-B1C6-7F20B71B2F6E}.Debug|iPhone.Build.0 = Debug|Any CPU
		{A094CE16-5211-4D39-B1C6-7F20B71B2F6E}.Debug|iPhone.Deploy.0 = Debug|Any CPU
		{A094CE16-5211-4D39-B1C6-7F20B71B2F6E}.Debug|iPhoneSimulator.ActiveCfg = Debug|Any CPU
		{A094CE16-5211-4D39-B1C6-7F20B71B2F6E}.Debug|iPhoneSimulator.Build.0 = Debug|Any CPU
		{A094CE16-5211-4D39-B1C6-7F20B71B2F6E}.Debug|iPhoneSimulator.Deploy.0 = Debug|Any CPU
		{A094CE16-5211-4D39-B1C6-7F20B71B2F6E}.Debug|x64.ActiveCfg = Debug|Any CPU
		{A094CE16-5211-4D39-B1C6-7F20B71B2F6E}.Debug|x64.Build.0 = Debug|Any CPU
		{A094CE16-5211-4D39-B1C6-7F20B71B2F6E}.Debug|x64.Deploy.0 = Debug|Any CPU
		{A094CE16-5211-4D39-B1C6-7F20B71B2F6E}.Debug|x86.ActiveCfg = Debug|Any CPU
		{A094CE16-5211-4D39-B1C6-7F20B71B2F6E}.Debug|x86.Build.0 = Debug|Any CPU
		{A094CE16-5211-4D39-B1C6-7F20B71B2F6E}.Debug|x86.Deploy.0 = Debug|Any CPU
		{A094CE16-5211-4D39-B1C6-7F20B71B2F6E}.Release|Any CPU.ActiveCfg = Release|Any CPU
		{A094CE16-5211-4D39-B1C6-7F20B71B2F6E}.Release|Any CPU.Build.0 = Release|Any CPU
		{A094CE16-5211-4D39-B1C6-7F20B71B2F6E}.Release|Any CPU.Deploy.0 = Release|Any CPU
		{A094CE16-5211-4D39-B1C6-7F20B71B2F6E}.Release|ARM.ActiveCfg = Release|Any CPU
		{A094CE16-5211-4D39-B1C6-7F20B71B2F6E}.Release|ARM.Build.0 = Release|Any CPU
		{A094CE16-5211-4D39-B1C6-7F20B71B2F6E}.Release|ARM.Deploy.0 = Release|Any CPU
		{A094CE16-5211-4D39-B1C6-7F20B71B2F6E}.Release|iPhone.ActiveCfg = Release|Any CPU
		{A094CE16-5211-4D39-B1C6-7F20B71B2F6E}.Release|iPhone.Build.0 = Release|Any CPU
		{A094CE16-5211-4D39-B1C6-7F20B71B2F6E}.Release|iPhone.Deploy.0 = Release|Any CPU
		{A094CE16-5211-4D39-B1C6-7F20B71B2F6E}.Release|iPhoneSimulator.ActiveCfg = Release|Any CPU
		{A094CE16-5211-4D39-B1C6-7F20B71B2F6E}.Release|iPhoneSimulator.Build.0 = Release|Any CPU
		{A094CE16-5211-4D39-B1C6-7F20B71B2F6E}.Release|iPhoneSimulator.Deploy.0 = Release|Any CPU
		{A094CE16-5211-4D39-B1C6-7F20B71B2F6E}.Release|x64.ActiveCfg = Release|Any CPU
		{A094CE16-5211-4D39-B1C6-7F20B71B2F6E}.Release|x64.Build.0 = Release|Any CPU
		{A094CE16-5211-4D39-B1C6-7F20B71B2F6E}.Release|x64.Deploy.0 = Release|Any CPU
		{A094CE16-5211-4D39-B1C6-7F20B71B2F6E}.Release|x86.ActiveCfg = Release|Any CPU
		{A094CE16-5211-4D39-B1C6-7F20B71B2F6E}.Release|x86.Build.0 = Release|Any CPU
		{A094CE16-5211-4D39-B1C6-7F20B71B2F6E}.Release|x86.Deploy.0 = Release|Any CPU
		{50A2F946-C7F1-4273-BA10-19D1C94FF4AA}.Ad-Hoc|Any CPU.ActiveCfg = Release|Any CPU
		{50A2F946-C7F1-4273-BA10-19D1C94FF4AA}.Ad-Hoc|Any CPU.Build.0 = Release|Any CPU
		{50A2F946-C7F1-4273-BA10-19D1C94FF4AA}.Ad-Hoc|ARM.ActiveCfg = Release|Any CPU
		{50A2F946-C7F1-4273-BA10-19D1C94FF4AA}.Ad-Hoc|ARM.Build.0 = Release|Any CPU
		{50A2F946-C7F1-4273-BA10-19D1C94FF4AA}.Ad-Hoc|iPhone.ActiveCfg = Release|Any CPU
		{50A2F946-C7F1-4273-BA10-19D1C94FF4AA}.Ad-Hoc|iPhone.Build.0 = Release|Any CPU
		{50A2F946-C7F1-4273-BA10-19D1C94FF4AA}.Ad-Hoc|iPhoneSimulator.ActiveCfg = Release|Any CPU
		{50A2F946-C7F1-4273-BA10-19D1C94FF4AA}.Ad-Hoc|iPhoneSimulator.Build.0 = Release|Any CPU
		{50A2F946-C7F1-4273-BA10-19D1C94FF4AA}.Ad-Hoc|x64.ActiveCfg = Release|Any CPU
		{50A2F946-C7F1-4273-BA10-19D1C94FF4AA}.Ad-Hoc|x64.Build.0 = Release|Any CPU
		{50A2F946-C7F1-4273-BA10-19D1C94FF4AA}.Ad-Hoc|x86.ActiveCfg = Release|Any CPU
		{50A2F946-C7F1-4273-BA10-19D1C94FF4AA}.Ad-Hoc|x86.Build.0 = Release|Any CPU
		{50A2F946-C7F1-4273-BA10-19D1C94FF4AA}.AppStore|Any CPU.ActiveCfg = Release|Any CPU
		{50A2F946-C7F1-4273-BA10-19D1C94FF4AA}.AppStore|Any CPU.Build.0 = Release|Any CPU
		{50A2F946-C7F1-4273-BA10-19D1C94FF4AA}.AppStore|ARM.ActiveCfg = Release|Any CPU
		{50A2F946-C7F1-4273-BA10-19D1C94FF4AA}.AppStore|ARM.Build.0 = Release|Any CPU
		{50A2F946-C7F1-4273-BA10-19D1C94FF4AA}.AppStore|iPhone.ActiveCfg = Release|Any CPU
		{50A2F946-C7F1-4273-BA10-19D1C94FF4AA}.AppStore|iPhone.Build.0 = Release|Any CPU
		{50A2F946-C7F1-4273-BA10-19D1C94FF4AA}.AppStore|iPhoneSimulator.ActiveCfg = Release|Any CPU
		{50A2F946-C7F1-4273-BA10-19D1C94FF4AA}.AppStore|iPhoneSimulator.Build.0 = Release|Any CPU
		{50A2F946-C7F1-4273-BA10-19D1C94FF4AA}.AppStore|x64.ActiveCfg = Release|Any CPU
		{50A2F946-C7F1-4273-BA10-19D1C94FF4AA}.AppStore|x64.Build.0 = Release|Any CPU
		{50A2F946-C7F1-4273-BA10-19D1C94FF4AA}.AppStore|x86.ActiveCfg = Release|Any CPU
		{50A2F946-C7F1-4273-BA10-19D1C94FF4AA}.AppStore|x86.Build.0 = Release|Any CPU
		{50A2F946-C7F1-4273-BA10-19D1C94FF4AA}.Debug|Any CPU.ActiveCfg = Debug|Any CPU
		{50A2F946-C7F1-4273-BA10-19D1C94FF4AA}.Debug|Any CPU.Build.0 = Debug|Any CPU
		{50A2F946-C7F1-4273-BA10-19D1C94FF4AA}.Debug|ARM.ActiveCfg = Debug|Any CPU
		{50A2F946-C7F1-4273-BA10-19D1C94FF4AA}.Debug|ARM.Build.0 = Debug|Any CPU
		{50A2F946-C7F1-4273-BA10-19D1C94FF4AA}.Debug|iPhone.ActiveCfg = Debug|Any CPU
		{50A2F946-C7F1-4273-BA10-19D1C94FF4AA}.Debug|iPhone.Build.0 = Debug|Any CPU
		{50A2F946-C7F1-4273-BA10-19D1C94FF4AA}.Debug|iPhoneSimulator.ActiveCfg = Debug|Any CPU
		{50A2F946-C7F1-4273-BA10-19D1C94FF4AA}.Debug|iPhoneSimulator.Build.0 = Debug|Any CPU
		{50A2F946-C7F1-4273-BA10-19D1C94FF4AA}.Debug|x64.ActiveCfg = Debug|Any CPU
		{50A2F946-C7F1-4273-BA10-19D1C94FF4AA}.Debug|x64.Build.0 = Debug|Any CPU
		{50A2F946-C7F1-4273-BA10-19D1C94FF4AA}.Debug|x86.ActiveCfg = Debug|Any CPU
		{50A2F946-C7F1-4273-BA10-19D1C94FF4AA}.Debug|x86.Build.0 = Debug|Any CPU
		{50A2F946-C7F1-4273-BA10-19D1C94FF4AA}.Release|Any CPU.ActiveCfg = Release|Any CPU
		{50A2F946-C7F1-4273-BA10-19D1C94FF4AA}.Release|Any CPU.Build.0 = Release|Any CPU
		{50A2F946-C7F1-4273-BA10-19D1C94FF4AA}.Release|ARM.ActiveCfg = Release|Any CPU
		{50A2F946-C7F1-4273-BA10-19D1C94FF4AA}.Release|ARM.Build.0 = Release|Any CPU
		{50A2F946-C7F1-4273-BA10-19D1C94FF4AA}.Release|iPhone.ActiveCfg = Release|Any CPU
		{50A2F946-C7F1-4273-BA10-19D1C94FF4AA}.Release|iPhone.Build.0 = Release|Any CPU
		{50A2F946-C7F1-4273-BA10-19D1C94FF4AA}.Release|iPhoneSimulator.ActiveCfg = Release|Any CPU
		{50A2F946-C7F1-4273-BA10-19D1C94FF4AA}.Release|iPhoneSimulator.Build.0 = Release|Any CPU
		{50A2F946-C7F1-4273-BA10-19D1C94FF4AA}.Release|x64.ActiveCfg = Release|Any CPU
		{50A2F946-C7F1-4273-BA10-19D1C94FF4AA}.Release|x64.Build.0 = Release|Any CPU
		{50A2F946-C7F1-4273-BA10-19D1C94FF4AA}.Release|x86.ActiveCfg = Release|Any CPU
		{50A2F946-C7F1-4273-BA10-19D1C94FF4AA}.Release|x86.Build.0 = Release|Any CPU
		{4FE4AD5D-AF06-466B-B9B0-6E03DA850E25}.Ad-Hoc|Any CPU.ActiveCfg = Release|x86
		{4FE4AD5D-AF06-466B-B9B0-6E03DA850E25}.Ad-Hoc|Any CPU.Build.0 = Release|x86
		{4FE4AD5D-AF06-466B-B9B0-6E03DA850E25}.Ad-Hoc|Any CPU.Deploy.0 = Release|x86
		{4FE4AD5D-AF06-466B-B9B0-6E03DA850E25}.Ad-Hoc|ARM.ActiveCfg = Release|ARM
		{4FE4AD5D-AF06-466B-B9B0-6E03DA850E25}.Ad-Hoc|ARM.Build.0 = Release|ARM
		{4FE4AD5D-AF06-466B-B9B0-6E03DA850E25}.Ad-Hoc|ARM.Deploy.0 = Release|ARM
		{4FE4AD5D-AF06-466B-B9B0-6E03DA850E25}.Ad-Hoc|iPhone.ActiveCfg = Release|x86
		{4FE4AD5D-AF06-466B-B9B0-6E03DA850E25}.Ad-Hoc|iPhone.Build.0 = Release|x86
		{4FE4AD5D-AF06-466B-B9B0-6E03DA850E25}.Ad-Hoc|iPhone.Deploy.0 = Release|x86
		{4FE4AD5D-AF06-466B-B9B0-6E03DA850E25}.Ad-Hoc|iPhoneSimulator.ActiveCfg = Release|x86
		{4FE4AD5D-AF06-466B-B9B0-6E03DA850E25}.Ad-Hoc|iPhoneSimulator.Build.0 = Release|x86
		{4FE4AD5D-AF06-466B-B9B0-6E03DA850E25}.Ad-Hoc|iPhoneSimulator.Deploy.0 = Release|x86
		{4FE4AD5D-AF06-466B-B9B0-6E03DA850E25}.Ad-Hoc|x64.ActiveCfg = Release|x64
		{4FE4AD5D-AF06-466B-B9B0-6E03DA850E25}.Ad-Hoc|x64.Build.0 = Release|x64
		{4FE4AD5D-AF06-466B-B9B0-6E03DA850E25}.Ad-Hoc|x64.Deploy.0 = Release|x64
		{4FE4AD5D-AF06-466B-B9B0-6E03DA850E25}.Ad-Hoc|x86.ActiveCfg = Release|x86
		{4FE4AD5D-AF06-466B-B9B0-6E03DA850E25}.Ad-Hoc|x86.Build.0 = Release|x86
		{4FE4AD5D-AF06-466B-B9B0-6E03DA850E25}.Ad-Hoc|x86.Deploy.0 = Release|x86
		{4FE4AD5D-AF06-466B-B9B0-6E03DA850E25}.AppStore|Any CPU.ActiveCfg = Release|x86
		{4FE4AD5D-AF06-466B-B9B0-6E03DA850E25}.AppStore|Any CPU.Build.0 = Release|x86
		{4FE4AD5D-AF06-466B-B9B0-6E03DA850E25}.AppStore|Any CPU.Deploy.0 = Release|x86
		{4FE4AD5D-AF06-466B-B9B0-6E03DA850E25}.AppStore|ARM.ActiveCfg = Release|ARM
		{4FE4AD5D-AF06-466B-B9B0-6E03DA850E25}.AppStore|ARM.Build.0 = Release|ARM
		{4FE4AD5D-AF06-466B-B9B0-6E03DA850E25}.AppStore|ARM.Deploy.0 = Release|ARM
		{4FE4AD5D-AF06-466B-B9B0-6E03DA850E25}.AppStore|iPhone.ActiveCfg = Release|x86
		{4FE4AD5D-AF06-466B-B9B0-6E03DA850E25}.AppStore|iPhone.Build.0 = Release|x86
		{4FE4AD5D-AF06-466B-B9B0-6E03DA850E25}.AppStore|iPhone.Deploy.0 = Release|x86
		{4FE4AD5D-AF06-466B-B9B0-6E03DA850E25}.AppStore|iPhoneSimulator.ActiveCfg = Release|x86
		{4FE4AD5D-AF06-466B-B9B0-6E03DA850E25}.AppStore|iPhoneSimulator.Build.0 = Release|x86
		{4FE4AD5D-AF06-466B-B9B0-6E03DA850E25}.AppStore|iPhoneSimulator.Deploy.0 = Release|x86
		{4FE4AD5D-AF06-466B-B9B0-6E03DA850E25}.AppStore|x64.ActiveCfg = Release|x64
		{4FE4AD5D-AF06-466B-B9B0-6E03DA850E25}.AppStore|x64.Build.0 = Release|x64
		{4FE4AD5D-AF06-466B-B9B0-6E03DA850E25}.AppStore|x64.Deploy.0 = Release|x64
		{4FE4AD5D-AF06-466B-B9B0-6E03DA850E25}.AppStore|x86.ActiveCfg = Release|x86
		{4FE4AD5D-AF06-466B-B9B0-6E03DA850E25}.AppStore|x86.Build.0 = Release|x86
		{4FE4AD5D-AF06-466B-B9B0-6E03DA850E25}.AppStore|x86.Deploy.0 = Release|x86
		{4FE4AD5D-AF06-466B-B9B0-6E03DA850E25}.Debug|Any CPU.ActiveCfg = Debug|x86
		{4FE4AD5D-AF06-466B-B9B0-6E03DA850E25}.Debug|ARM.ActiveCfg = Debug|ARM
		{4FE4AD5D-AF06-466B-B9B0-6E03DA850E25}.Debug|ARM.Build.0 = Debug|ARM
		{4FE4AD5D-AF06-466B-B9B0-6E03DA850E25}.Debug|ARM.Deploy.0 = Debug|ARM
		{4FE4AD5D-AF06-466B-B9B0-6E03DA850E25}.Debug|iPhone.ActiveCfg = Debug|x86
		{4FE4AD5D-AF06-466B-B9B0-6E03DA850E25}.Debug|iPhoneSimulator.ActiveCfg = Debug|x86
		{4FE4AD5D-AF06-466B-B9B0-6E03DA850E25}.Debug|x64.ActiveCfg = Debug|x64
		{4FE4AD5D-AF06-466B-B9B0-6E03DA850E25}.Debug|x64.Build.0 = Debug|x64
		{4FE4AD5D-AF06-466B-B9B0-6E03DA850E25}.Debug|x64.Deploy.0 = Debug|x64
		{4FE4AD5D-AF06-466B-B9B0-6E03DA850E25}.Debug|x86.ActiveCfg = Debug|x86
		{4FE4AD5D-AF06-466B-B9B0-6E03DA850E25}.Debug|x86.Build.0 = Debug|x86
		{4FE4AD5D-AF06-466B-B9B0-6E03DA850E25}.Debug|x86.Deploy.0 = Debug|x86
		{4FE4AD5D-AF06-466B-B9B0-6E03DA850E25}.Release|Any CPU.ActiveCfg = Release|x86
		{4FE4AD5D-AF06-466B-B9B0-6E03DA850E25}.Release|ARM.ActiveCfg = Release|ARM
		{4FE4AD5D-AF06-466B-B9B0-6E03DA850E25}.Release|ARM.Build.0 = Release|ARM
		{4FE4AD5D-AF06-466B-B9B0-6E03DA850E25}.Release|ARM.Deploy.0 = Release|ARM
		{4FE4AD5D-AF06-466B-B9B0-6E03DA850E25}.Release|iPhone.ActiveCfg = Release|x86
		{4FE4AD5D-AF06-466B-B9B0-6E03DA850E25}.Release|iPhoneSimulator.ActiveCfg = Release|x86
		{4FE4AD5D-AF06-466B-B9B0-6E03DA850E25}.Release|x64.ActiveCfg = Release|x64
		{4FE4AD5D-AF06-466B-B9B0-6E03DA850E25}.Release|x64.Build.0 = Release|x64
		{4FE4AD5D-AF06-466B-B9B0-6E03DA850E25}.Release|x64.Deploy.0 = Release|x64
		{4FE4AD5D-AF06-466B-B9B0-6E03DA850E25}.Release|x86.ActiveCfg = Release|x86
		{4FE4AD5D-AF06-466B-B9B0-6E03DA850E25}.Release|x86.Build.0 = Release|x86
		{4FE4AD5D-AF06-466B-B9B0-6E03DA850E25}.Release|x86.Deploy.0 = Release|x86
		{69885797-8BF6-4A0D-8FBB-57E1D8B20158}.Ad-Hoc|Any CPU.ActiveCfg = Ad-Hoc|iPhone
		{69885797-8BF6-4A0D-8FBB-57E1D8B20158}.Ad-Hoc|ARM.ActiveCfg = Ad-Hoc|iPhone
		{69885797-8BF6-4A0D-8FBB-57E1D8B20158}.Ad-Hoc|iPhone.ActiveCfg = Ad-Hoc|iPhone
		{69885797-8BF6-4A0D-8FBB-57E1D8B20158}.Ad-Hoc|iPhone.Build.0 = Ad-Hoc|iPhone
		{69885797-8BF6-4A0D-8FBB-57E1D8B20158}.Ad-Hoc|iPhoneSimulator.ActiveCfg = Ad-Hoc|iPhoneSimulator
		{69885797-8BF6-4A0D-8FBB-57E1D8B20158}.Ad-Hoc|iPhoneSimulator.Build.0 = Ad-Hoc|iPhoneSimulator
		{69885797-8BF6-4A0D-8FBB-57E1D8B20158}.Ad-Hoc|x64.ActiveCfg = Ad-Hoc|iPhone
		{69885797-8BF6-4A0D-8FBB-57E1D8B20158}.Ad-Hoc|x86.ActiveCfg = Ad-Hoc|iPhone
		{69885797-8BF6-4A0D-8FBB-57E1D8B20158}.AppStore|Any CPU.ActiveCfg = AppStore|iPhone
		{69885797-8BF6-4A0D-8FBB-57E1D8B20158}.AppStore|ARM.ActiveCfg = AppStore|iPhone
		{69885797-8BF6-4A0D-8FBB-57E1D8B20158}.AppStore|iPhone.ActiveCfg = AppStore|iPhone
		{69885797-8BF6-4A0D-8FBB-57E1D8B20158}.AppStore|iPhone.Build.0 = AppStore|iPhone
		{69885797-8BF6-4A0D-8FBB-57E1D8B20158}.AppStore|iPhoneSimulator.ActiveCfg = AppStore|iPhoneSimulator
		{69885797-8BF6-4A0D-8FBB-57E1D8B20158}.AppStore|iPhoneSimulator.Build.0 = AppStore|iPhoneSimulator
		{69885797-8BF6-4A0D-8FBB-57E1D8B20158}.AppStore|x64.ActiveCfg = AppStore|iPhone
		{69885797-8BF6-4A0D-8FBB-57E1D8B20158}.AppStore|x86.ActiveCfg = AppStore|iPhone
		{69885797-8BF6-4A0D-8FBB-57E1D8B20158}.Debug|Any CPU.ActiveCfg = Debug|iPhone
		{69885797-8BF6-4A0D-8FBB-57E1D8B20158}.Debug|ARM.ActiveCfg = Debug|iPhone
		{69885797-8BF6-4A0D-8FBB-57E1D8B20158}.Debug|iPhone.ActiveCfg = Debug|iPhone
		{69885797-8BF6-4A0D-8FBB-57E1D8B20158}.Debug|iPhone.Build.0 = Debug|iPhone
		{69885797-8BF6-4A0D-8FBB-57E1D8B20158}.Debug|iPhoneSimulator.ActiveCfg = Debug|iPhoneSimulator
		{69885797-8BF6-4A0D-8FBB-57E1D8B20158}.Debug|iPhoneSimulator.Build.0 = Debug|iPhoneSimulator
		{69885797-8BF6-4A0D-8FBB-57E1D8B20158}.Debug|x64.ActiveCfg = Debug|iPhone
		{69885797-8BF6-4A0D-8FBB-57E1D8B20158}.Debug|x86.ActiveCfg = Debug|iPhone
		{69885797-8BF6-4A0D-8FBB-57E1D8B20158}.Release|Any CPU.ActiveCfg = Release|iPhone
		{69885797-8BF6-4A0D-8FBB-57E1D8B20158}.Release|ARM.ActiveCfg = Release|iPhone
		{69885797-8BF6-4A0D-8FBB-57E1D8B20158}.Release|iPhone.ActiveCfg = Release|iPhone
		{69885797-8BF6-4A0D-8FBB-57E1D8B20158}.Release|iPhone.Build.0 = Release|iPhone
		{69885797-8BF6-4A0D-8FBB-57E1D8B20158}.Release|iPhoneSimulator.ActiveCfg = Release|iPhoneSimulator
		{69885797-8BF6-4A0D-8FBB-57E1D8B20158}.Release|iPhoneSimulator.Build.0 = Release|iPhoneSimulator
		{69885797-8BF6-4A0D-8FBB-57E1D8B20158}.Release|x64.ActiveCfg = Release|iPhone
		{69885797-8BF6-4A0D-8FBB-57E1D8B20158}.Release|x86.ActiveCfg = Release|iPhone
	EndGlobalSection
	GlobalSection(SolutionProperties) = preSolution
		HideSolutionNode = FALSE
	EndGlobalSection
EndGlobal
